
Microsoft Visual Studio Solution File, Format Version 12.00
# Visual Studio Version 16
VisualStudioVersion = 16.0.29806.167
MinimumVisualStudioVersion = 10.0.40219.1
Project("{FAE04EC0-301F-11D3-BF4B-00C04F79EFBC}") = "MyGenericsProject", "MyGenericsProject.csproj", "{E9262313-F5F6-40C4-8586-3EA76ED51671}"
EndProject
Global
	GlobalSection(SolutionConfigurationPlatforms) = preSolution
		Debug|Any CPU = Debug|Any CPU
		Release|Any CPU = Release|Any CPU
	EndGlobalSection
	GlobalSection(ProjectConfigurationPlatforms) = postSolution
		{E9262313-F5F6-40C4-8586-3EA76ED51671}.Debug|Any CPU.ActiveCfg = Debug|Any CPU
		{E9262313-F5F6-40C4-8586-3EA76ED51671}.Debug|Any CPU.Build.0 = Debug|Any CPU
		{E9262313-F5F6-40C4-8586-3EA76ED51671}.Release|Any CPU.ActiveCfg = Release|Any CPU
		{E9262313-F5F6-40C4-8586-3EA76ED51671}.Release|Any CPU.Build.0 = Release|Any CPU
	EndGlobalSection
	GlobalSection(SolutionProperties) = preSolution
		HideSolutionNode = FALSE
	EndGlobalSection
	GlobalSection(ExtensibilityGlobals) = postSolution
		SolutionGuid = {FCCD3301-B5D8-430F-9CDB-A73A016E0802}
	EndGlobalSection
EndGlobal
